
Microsoft Visual Studio Solution File, Format Version 12.00
# Visual Studio Version 17
VisualStudioVersion = 17.0.31903.59
MinimumVisualStudioVersion = 10.0.40219.1
Project("{FAE04EC0-301F-11D3-BF4B-00C04F79EFBC}") = "Example.Background.Service", "Example.Background.Service\Example.Background.Service.csproj", "{A29E5839-3B53-4397-9084-6AE9AA7BEE7E}"
EndProject
Global
	GlobalSection(SolutionConfigurationPlatforms) = preSolution
		Debug|Any CPU = Debug|Any CPU
		Release|Any CPU = Release|Any CPU
	EndGlobalSection
	GlobalSection(SolutionProperties) = preSolution
		HideSolutionNode = FALSE
	EndGlobalSection
	GlobalSection(ProjectConfigurationPlatforms) = postSolution
		{A29E5839-3B53-4397-9084-6AE9AA7BEE7E}.Debug|Any CPU.ActiveCfg = Debug|Any CPU
		{A29E5839-3B53-4397-9084-6AE9AA7BEE7E}.Debug|Any CPU.Build.0 = Debug|Any CPU
		{A29E5839-3B53-4397-9084-6AE9AA7BEE7E}.Release|Any CPU.ActiveCfg = Release|Any CPU
		{A29E5839-3B53-4397-9084-6AE9AA7BEE7E}.Release|Any CPU.Build.0 = Release|Any CPU
	EndGlobalSection
EndGlobal
